# ILrail-bar.xcodeproj/project.pbxproj
// !$*UTF8*$!
{
	archiveVersion = 1;
	classes = {
	};
	objectVersion = 50;
	objects = {
		F00000001 /* ILRailBarApp.swift */ = {isa = PBXFileReference; lastKnownFileType = sourcecode.swift; path = ILRailBarApp.swift; sourceTree = "<group>"; };
		F00000002 /* AppDelegate.swift */ = {isa = PBXFileReference; lastKnownFileType = sourcecode.swift; path = AppDelegate.swift; sourceTree = "<group>"; };
		F00000003 /* NetworkManager.swift */ = {isa = PBXFileReference; lastKnownFileType = sourcecode.swift; path = NetworkManager.swift; sourceTree = "<group>"; };
		F00000004 /* TrainSchedule.swift */ = {isa = PBXFileReference; lastKnownFileType = sourcecode.swift; path = TrainSchedule.swift; sourceTree = "<group>"; };
		F00000005 /* APIModels.swift */ = {isa = PBXFileReference; lastKnownFileType = sourcecode.swift; path = APIModels.swift; sourceTree = "<group>"; };
		F00000006 /* Info.plist */ = {isa = PBXFileReference; lastKnownFileType = text.plist.xml; path = Info.plist; sourceTree = "<group>"; };
	};
	rootObject = F00000000 /* Project object */;
}